
Microsoft Visual Studio Solution File, Format Version 12.00
# Visual Studio Version 16
VisualStudioVersion = 16.0.29306.81
MinimumVisualStudioVersion = 10.0.40219.1
Project("{FAE04EC0-301F-11D3-BF4B-00C04F79EFBC}") = "zadatak1ponavljanje", "zadatak1ponavljanje\zadatak1ponavljanje.csproj", "{4B9D9E22-C907-42D0-B9F3-58EC7696DFD5}"
EndProject
Global
	GlobalSection(SolutionConfigurationPlatforms) = preSolution
		Debug|Any CPU = Debug|Any CPU
		Release|Any CPU = Release|Any CPU
	EndGlobalSection
	GlobalSection(ProjectConfigurationPlatforms) = postSolution
		{4B9D9E22-C907-42D0-B9F3-58EC7696DFD5}.Debug|Any CPU.ActiveCfg = Debug|Any CPU
		{4B9D9E22-C907-42D0-B9F3-58EC7696DFD5}.Debug|Any CPU.Build.0 = Debug|Any CPU
		{4B9D9E22-C907-42D0-B9F3-58EC7696DFD5}.Release|Any CPU.ActiveCfg = Release|Any CPU
		{4B9D9E22-C907-42D0-B9F3-58EC7696DFD5}.Release|Any CPU.Build.0 = Release|Any CPU
	EndGlobalSection
	GlobalSection(SolutionProperties) = preSolution
		HideSolutionNode = FALSE
	EndGlobalSection
	GlobalSection(ExtensibilityGlobals) = postSolution
		SolutionGuid = {FF8EC327-6F65-4C68-80FA-6A5AD2F84BA4}
	EndGlobalSection
EndGlobal
